// !$*UTF8*$!
{
	archiveVersion = 1;
	classes = {
	};
	objectVersion = 46;
	objects = {

/* Begin PBXBuildFile section */
		6D016CA11D56849C0030AF2A /* AppDelegate.swift in Sources */ = {isa = PBXBuildFile; fileRef = 6D016CA01D56849C0030AF2A /* AppDelegate.swift */; };
		6D016CA31D56849C0030AF2A /* ViewController.swift in Sources */ = {isa = PBXBuildFile; fileRef = 6D016CA21D56849C0030AF2A /* ViewController.swift */; };
		6D016CA61D56849C0030AF2A /* Main.storyboard in Resources */ = {isa = PBXBuildFile; fileRef = 6D016CA41D56849C0030AF2A /* Main.storyboard */; };
		6D016CA81D56849C0030AF2A /* Assets.xcassets in Resources */ = {isa = PBXBuildFile; fileRef = 6D016CA71D56849C0030AF2A /* Assets.xcassets */; };
		6D016CAB1D56849C0030AF2A /* LaunchScreen.storyboard in Resources */ = {isa = PBXBuildFile; fileRef = 6D016CA91D56849C0030AF2A /* LaunchScreen.storyboard */; };
		6D016CB61D56849C0030AF2A /* Matching_GameTests.swift in Sources */ = {isa = PBXBuildFile; fileRef = 6D016CB51D56849C0030AF2A /* Matching_GameTests.swift */; };
		6D016CC11D56849C0030AF2A /* Matching_GameUITests.swift in Sources */ = {isa = PBXBuildFile; fileRef = 6D016CC01D56849C0030AF2A /* Matching_GameUITests.swift */; };
/* End PBXBuildFile section */

/* Begin PBXContainerItemProxy section */
		6D016CB21D56849C0030AF2A /* PBXContainerItemProxy */ = {
			isa = PBXContainerItemProxy;
			containerPortal = 6D016C951D56849C0030AF2A /* Project object */;
			proxyType = 1;
			remoteGlobalIDString = 6D016C9C1D56849C0030AF2A;
			remoteInfo = "Matching Game";
		};
		6D016CBD1D56849C0030AF2A /* PBXContainerItemProxy */ = {
			isa = PBXContainerItemProxy;
			containerPortal = 6D016C951D56849C0030AF2A /* Project object */;
			proxyType = 1;
			remoteGlobalIDString = 6D016C9C1D56849C0030AF2A;
			remoteInfo = "Matching Game";
		};
/* End PBXContainerItemProxy section */

/* Begin PBXFileReference section */
		6D016C9D1D56849C0030AF2A /* Matching Game.app */ = {isa = PBXFileReference; explicitFileType = wrapper.application; includeInIndex = 0; path = "Matching Game.app"; sourceTree = BUILT_PRODUCTS_DIR; };
		6D016CA01D56849C0030AF2A /* AppDelegate.swift */ = {isa = PBXFileReference; lastKnownFileType = sourcecode.swift; path = AppDelegate.swift; sourceTree = "<group>"; };
		6D016CA21D56849C0030AF2A /* ViewController.swift */ = {isa = PBXFileReference; lastKnownFileType = sourcecode.swift; path = ViewController.swift; sourceTree = "<group>"; };
		6D016CA51D56849C0030AF2A /* Base */ = {isa = PBXFileReference; lastKnownFileType = file.storyboard; name = Base; path = Base.lproj/Main.storyboard; sourceTree = "<group>"; };
		6D016CA71D56849C0030AF2A /* Assets.xcassets */ = {isa = PBXFileReference; lastKnownFileType = folder.assetcatalog; path = Assets.xcassets; sourceTree = "<group>"; };
		6D016CAA1D56849C0030AF2A /* Base */ = {isa = PBXFileReference; lastKnownFileType = file.storyboard; name = Base; path = Base.lproj/LaunchScreen.storyboard; sourceTree = "<group>"; };
		6D016CAC1D56849C0030AF2A /* Info.plist */ = {isa = PBXFileReference; lastKnownFileType = text.plist.xml; path = Info.plist; sourceTree = "<group>"; };
		6D016CB11D56849C0030AF2A /* Matching GameTests.xctest */ = {isa = PBXFileReference; explicitFileType = wrapper.cfbundle; includeInIndex = 0; path = "Matching GameTests.xctest"; sourceTree = BUILT_PRODUCTS_DIR; };
		6D016CB51D56849C0030AF2A /* Matching_GameTests.swift */ = {isa = PBXFileReference; lastKnownFileType = sourcecode.swift; path = Matching_GameTests.swift; sourceTree = "<group>"; };
		6D016CB71D56849C0030AF2A /* Info.plist */ = {isa = PBXFileReference; lastKnownFileType = text.plist.xml; path = Info.plist; sourceTree = "<group>"; };
		6D016CBC1D56849C0030AF2A /* Matching GameUITests.xctest */ = {isa = PBXFileReference; explicitFileType = wrapper.cfbundle; includeInIndex = 0; path = "Matching GameUITests.xctest"; sourceTree = BUILT_PRODUCTS_DIR; };
		6D016CC01D56849C0030AF2A /* Matching_GameUITests.swift */ = {isa = PBXFileReference; lastKnownFileType = sourcecode.swift; path = Matching_GameUITests.swift; sourceTree = "<group>"; };
		6D016CC21D56849C0030AF2A /* Info.plist */ = {isa = PBXFileReference; lastKnownFileType = text.plist.xml; path = Info.plist; sourceTree = "<group>"; };
/* End PBXFileReference section */

/* Begin PBXFrameworksBuildPhase section */
		6D016C9A1D56849C0030AF2A /* Frameworks */ = {
			isa = PBXFrameworksBuildPhase;
			buildActionMask = 2147483647;
			files = (
			);
			runOnlyForDeploymentPostprocessing = 0;
		};
		6D016CAE1D56849C0030AF2A /* Frameworks */ = {
			isa = PBXFrameworksBuildPhase;
			buildActionMask = 2147483647;
			files = (
			);
			runOnlyForDeploymentPostprocessing = 0;
		};
		6D016CB91D56849C0030AF2A /* Frameworks */ = {
			isa = PBXFrameworksBuildPhase;
			buildActionMask = 2147483647;
			files = (
			);
			runOnlyForDeploymentPostprocessing = 0;
		};
/* End PBXFrameworksBuildPhase section */

/* Begin PBXGroup section */
		6D016C941D56849C0030AF2A = {
			isa = PBXGroup;
			children = (
				6D016C9F1D56849C0030AF2A /* Matching Game */,
				6D016CB41D56849C0030AF2A /* Matching GameTests */,
				6D016CBF1D56849C0030AF2A /* Matching GameUITests */,
				6D016C9E1D56849C0030AF2A /* Products */,
			);
			sourceTree = "<group>";
		};
		6D016C9E1D56849C0030AF2A /* Products */ = {
			isa = PBXGroup;
			children = (
				6D016C9D1D56849C0030AF2A /* Matching Game.app */,
				6D016CB11D56849C0030AF2A /* Matching GameTests.xctest */,
				6D016CBC1D56849C0030AF2A /* Matching GameUITests.xctest */,
			);
			name = Products;
			sourceTree = "<group>";
		};
		6D016C9F1D56849C0030AF2A /* Matching Game */ = {
			isa = PBXGroup;
			children = (
				6D016CA01D56849C0030AF2A /* AppDelegate.swift */,
				6D016CA21D56849C0030AF2A /* ViewController.swift */,
				6D016CA41D56849C0030AF2A /* Main.storyboard */,
				6D016CA71D56849C0030AF2A /* Assets.xcassets */,
				6D016CA91D56849C0030AF2A /* LaunchScreen.storyboard */,
				6D016CAC1D56849C0030AF2A /* Info.plist */,
			);
			path = "Matching Game";
			sourceTree = "<group>";
		};
		6D016CB41D56849C0030AF2A /* Matching GameTests */ = {
			isa = PBXGroup;
			children = (
				6D016CB51D56849C0030AF2A /* Matching_GameTests.swift */,
				6D016CB71D56849C0030AF2A /* Info.plist */,
			);
			path = "Matching GameTests";
			sourceTree = "<group>";
		};
		6D016CBF1D56849C0030AF2A /* Matching GameUITests */ = {
			isa = PBXGroup;
			children = (
				6D016CC01D56849C0030AF2A /* Matching_GameUITests.swift */,
				6D016CC21D56849C0030AF2A /* Info.plist */,
			);
			path = "Matching GameUITests";
			sourceTree = "<group>";
		};
/* End PBXGroup section */

/* Begin PBXNativeTarget section */
		6D016C9C1D56849C0030AF2A /* Matching Game */ = {
			isa = PBXNativeTarget;
			buildConfigurationList = 6D016CC51D56849C0030AF2A /* Build configuration list for PBXNativeTarget "Matching Game" */;
			buildPhases = (
				6D016C991D56849C0030AF2A /* Sources */,
				6D016C9A1D56849C0030AF2A /* Frameworks */,
				6D016C9B1D56849C0030AF2A /* Resources */,
			);
			buildRules = (
			);
			dependencies = (
			);
			name = "Matching Game";
			productName = "Matching Game";
			productReference = 6D016C9D1D56849C0030AF2A /* Matching Game.app */;
			productType = "com.apple.product-type.application";
		};
		6D016CB01D56849C0030AF2A /* Matching GameTests */ = {
			isa = PBXNativeTarget;
			buildConfigurationList = 6D016CC81D56849C0030AF2A /* Build configuration list for PBXNativeTarget "Matching GameTests" */;
			buildPhases = (
				6D016CAD1D56849C0030AF2A /* Sources */,
				6D016CAE1D56849C0030AF2A /* Frameworks */,
				6D016CAF1D56849C0030AF2A /* Resources */,
			);
			buildRules = (
			);
			dependencies = (
				6D016CB31D56849C0030AF2A /* PBXTargetDependency */,
			);
			name = "Matching GameTests";
			productName = "Matching GameTests";
			productReference = 6D016CB11D56849C0030AF2A /* Matching GameTests.xctest */;
			productType = "com.apple.product-type.bundle.unit-test";
		};
		6D016CBB1D56849C0030AF2A /* Matching GameUITests */ = {
			isa = PBXNativeTarget;
			buildConfigurationList = 6D016CCB1D56849C0030AF2A /* Build configuration list for PBXNativeTarget "Matching GameUITests" */;
			buildPhases = (
				6D016CB81D56849C0030AF2A /* Sources */,
				6D016CB91D56849C0030AF2A /* Frameworks */,
				6D016CBA1D56849C0030AF2A /* Resources */,
			);
			buildRules = (
			);
			dependencies = (
				6D016CBE1D56849C0030AF2A /* PBXTargetDependency */,
			);
			name = "Matching GameUITests";
			productName = "Matching GameUITests";
			productReference = 6D016CBC1D56849C0030AF2A /* Matching GameUITests.xctest */;
			productType = "com.apple.product-type.bundle.ui-testing";
		};
/* End PBXNativeTarget section */

/* Begin PBXProject section */
		6D016C951D56849C0030AF2A /* Project object */ = {
			isa = PBXProject;
			attributes = {
				LastSwiftUpdateCheck = 0730;
				LastUpgradeCheck = 0730;
				ORGANIZATIONNAME = "Kevin Chang";
				TargetAttributes = {
					6D016C9C1D56849C0030AF2A = {
						CreatedOnToolsVersion = 7.3.1;
						DevelopmentTeam = 277SS4888E;
					};
					6D016CB01D56849C0030AF2A = {
						CreatedOnToolsVersion = 7.3.1;
						TestTargetID = 6D016C9C1D56849C0030AF2A;
					};
					6D016CBB1D56849C0030AF2A = {
						CreatedOnToolsVersion = 7.3.1;
						TestTargetID = 6D016C9C1D56849C0030AF2A;
					};
				};
			};
			buildConfigurationList = 6D016C981D56849C0030AF2A /* Build configuration list for PBXProject "Matching Game" */;
			compatibilityVersion = "Xcode 3.2";
			developmentRegion = English;
			hasScannedForEncodings = 0;
			knownRegions = (
				en,
				Base,
			);
			mainGroup = 6D016C941D56849C0030AF2A;
			productRefGroup = 6D016C9E1D56849C0030AF2A /* Products */;
			projectDirPath = "";
			projectRoot = "";
			targets = (
				6D016C9C1D56849C0030AF2A /* Matching Game */,
				6D016CB01D56849C0030AF2A /* Matching GameTests */,
				6D016CBB1D56849C0030AF2A /* Matching GameUITests */,
			);
		};
/* End PBXProject section */

/* Begin PBXResourcesBuildPhase section */
		6D016C9B1D56849C0030AF2A /* Resources */ = {
			isa = PBXResourcesBuildPhase;
			buildActionMask = 2147483647;
			files = (
				6D016CAB1D56849C0030AF2A /* LaunchScreen.storyboard in Resources */,
				6D016CA81D56849C0030AF2A /* Assets.xcassets in Resources */,
				6D016CA61D56849C0030AF2A /* Main.storyboard in Resources */,
			);
			runOnlyForDeploymentPostprocessing = 0;
		};
		6D016CAF1D56849C0030AF2A /* Resources */ = {
			isa = PBXResourcesBuildPhase;
			buildActionMask = 2147483647;
			files = (
			);
			runOnlyForDeploymentPostprocessing = 0;
		};
		6D016CBA1D56849C0030AF2A /* Resources */ = {
			isa = PBXResourcesBuildPhase;
			buildActionMask = 2147483647;
			files = (
			);
			runOnlyForDeploymentPostprocessing = 0;
		};
/* End PBXResourcesBuildPhase section */

/* Begin PBXSourcesBuildPhase section */
		6D016C991D56849C0030AF2A /* Sources */ = {
			isa = PBXSourcesBuildPhase;
			buildActionMask = 2147483647;
			files = (
				6D016CA31D56849C0030AF2A /* ViewController.swift in Sources */,
				6D016CA11D56849C0030AF2A /* AppDelegate.swift in Sources */,
			);
			runOnlyForDeploymentPostprocessing = 0;
		};
		6D016CAD1D56849C0030AF2A /* Sources */ = {
			isa = PBXSourcesBuildPhase;
			buildActionMask = 2147483647;
			files = (
				6D016CB61D56849C0030AF2A /* Matching_GameTests.swift in Sources */,
			);
			runOnlyForDeploymentPostprocessing = 0;
		};
		6D016CB81D56849C0030AF2A /* Sources */ = {
			isa = PBXSourcesBuildPhase;
			buildActionMask = 2147483647;
			files = (
				6D016CC11D56849C0030AF2A /* Matching_GameUITests.swift in Sources */,
			);
			runOnlyForDeploymentPostprocessing = 0;
		};
/* End PBXSourcesBuildPhase section */

/* Begin PBXTargetDependency section */
		6D016CB31D56849C0030AF2A /* PBXTargetDependency */ = {
			isa = PBXTargetDependency;
			target = 6D016C9C1D56849C0030AF2A /* Matching Game */;
			targetProxy = 6D016CB21D56849C0030AF2A /* PBXContainerItemProxy */;
		};
		6D016CBE1D56849C0030AF2A /* PBXTargetDependency */ = {
			isa = PBXTargetDependency;
			target = 6D016C9C1D56849C0030AF2A /* Matching Game */;
			targetProxy = 6D016CBD1D56849C0030AF2A /* PBXContainerItemProxy */;
		};
/* End PBXTargetDependency section */

/* Begin PBXVariantGroup section */
		6D016CA41D56849C0030AF2A /* Main.storyboard */ = {
			isa = PBXVariantGroup;
			children = (
				6D016CA51D56849C0030AF2A /* Base */,
			);
			name = Main.storyboard;
			sourceTree = "<group>";
		};
		6D016CA91D56849C0030AF2A /* LaunchScreen.storyboard */ = {
			isa = PBXVariantGroup;
			children = (
				6D016CAA1D56849C0030AF2A /* Base */,
			);
			name = LaunchScreen.storyboard;
			sourceTree = "<group>";
		};
/* End PBXVariantGroup section */

/* Begin XCBuildConfiguration section */
		6D016CC31D56849C0030AF2A /* Debug */ = {
			isa = XCBuildConfiguration;
			buildSettings = {
				ALWAYS_SEARCH_USER_PATHS = NO;
				CLANG_ANALYZER_NONNULL = YES;
				CLANG_CXX_LANGUAGE_STANDARD = "gnu++0x";
				CLANG_CXX_LIBRARY = "libc++";
				CLANG_ENABLE_MODULES = YES;
				CLANG_ENABLE_OBJC_ARC = YES;
				CLANG_WARN_BOOL_CONVERSION = YES;
				CLANG_WARN_CONSTANT_CONVERSION = YES;
				CLANG_WARN_DIRECT_OBJC_ISA_USAGE = YES_ERROR;
				CLANG_WARN_EMPTY_BODY = YES;
				CLANG_WARN_ENUM_CONVERSION = YES;
				CLANG_WARN_INT_CONVERSION = YES;
				CLANG_WARN_OBJC_ROOT_CLASS = YES_ERROR;
				CLANG_WARN_UNREACHABLE_CODE = YES;
				CLANG_WARN__DUPLICATE_METHOD_MATCH = YES;
				"CODE_SIGN_IDENTITY[sdk=iphoneos*]" = "iPhone Developer";
				COPY_PHASE_STRIP = NO;
				DEBUG_INFORMATION_FORMAT = dwarf;
				ENABLE_STRICT_OBJC_MSGSEND = YES;
				ENABLE_TESTABILITY = YES;
				GCC_C_LANGUAGE_STANDARD = gnu99;
				GCC_DYNAMIC_NO_PIC = NO;
				GCC_NO_COMMON_BLOCKS = YES;
				GCC_OPTIMIZATION_LEVEL = 0;
				GCC_PREPROCESSOR_DEFINITIONS = (
					"DEBUG=1",
					"$(inherited)",
				);
				GCC_WARN_64_TO_32_BIT_CONVERSION = YES;
				GCC_WARN_ABOUT_RETURN_TYPE = YES_ERROR;
				GCC_WARN_UNDECLARED_SELECTOR = YES;
				GCC_WARN_UNINITIALIZED_AUTOS = YES_AGGRESSIVE;
				GCC_WARN_UNUSED_FUNCTION = YES;
				GCC_WARN_UNUSED_VARIABLE = YES;
				IPHONEOS_DEPLOYMENT_TARGET = 9.3;
				MTL_ENABLE_DEBUG_INFO = YES;
				ONLY_ACTIVE_ARCH = YES;
				SDKROOT = iphoneos;
				SWIFT_OPTIMIZATION_LEVEL = "-Onone";
				TARGETED_DEVICE_FAMILY = "1,2";
			};
			name = Debug;
		};
		6D016CC41D56849C0030AF2A /* Release */ = {
			isa = XCBuildConfiguration;
			buildSettings = {
				ALWAYS_SEARCH_USER_PATHS = NO;
				CLANG_ANALYZER_NONNULL = YES;
				CLANG_CXX_LANGUAGE_STANDARD = "gnu++0x";
				CLANG_CXX_LIBRARY = "libc++";
				CLANG_ENABLE_MODULES = YES;
				CLANG_ENABLE_OBJC_ARC = YES;
				CLANG_WARN_BOOL_CONVERSION = YES;
				CLANG_WARN_CONSTANT_CONVERSION = YES;
				CLANG_WARN_DIRECT_OBJC_ISA_USAGE = YES_ERROR;
				CLANG_WARN_EMPTY_BODY = YES;
				CLANG_WARN_ENUM_CONVERSION = YES;
				CLANG_WARN_INT_CONVERSION = YES;
				CLANG_WARN_OBJC_ROOT_CLASS = YES_ERROR;
				CLANG_WARN_UNREACHABLE_CODE = YES;
				CLANG_WARN__DUPLICATE_METHOD_MATCH = YES;
				"CODE_SIGN_IDENTITY[sdk=iphoneos*]" = "iPhone Developer";
				COPY_PHASE_STRIP = NO;
				DEBUG_INFORMATION_FORMAT = "dwarf-with-dsym";
				ENABLE_NS_ASSERTIONS = NO;
				ENABLE_STRICT_OBJC_MSGSEND = YES;
				GCC_C_LANGUAGE_STANDARD = gnu99;
				GCC_NO_COMMON_BLOCKS = YES;
				GCC_WARN_64_TO_32_BIT_CONVERSION = YES;
				GCC_WARN_ABOUT_RETURN_TYPE = YES_ERROR;
				GCC_WARN_UNDECLARED_SELECTOR = YES;
				GCC_WARN_UNINITIALIZED_AUTOS = YES_AGGRESSIVE;
				GCC_WARN_UNUSED_FUNCTION = YES;
				GCC_WARN_UNUSED_VARIABLE = YES;
				IPHONEOS_DEPLOYMENT_TARGET = 9.3;
				MTL_ENABLE_DEBUG_INFO = NO;
				SDKROOT = iphoneos;
				TARGETED_DEVICE_FAMILY = "1,2";
				VALIDATE_PRODUCT = YES;
			};
			name = Release;
		};
		6D016CC61D56849C0030AF2A /* Debug */ = {
			isa = XCBuildConfiguration;
			buildSettings = {
				ASSETCATALOG_COMPILER_APPICON_NAME = AppIcon;
				CODE_SIGN_IDENTITY = "iPhone Developer";
				"CODE_SIGN_IDENTITY[sdk=iphoneos*]" = "iPhone Developer";
				INFOPLIST_FILE = "Matching Game/Info.plist";
				IPHONEOS_DEPLOYMENT_TARGET = 9.3;
				LD_RUNPATH_SEARCH_PATHS = "$(inherited) @executable_path/Frameworks";
				PRODUCT_BUNDLE_IDENTIFIER = com.laskdaf.matching;
				PRODUCT_NAME = "$(TARGET_NAME)";
				PROVISIONING_PROFILE = "";
			};
			name = Debug;
		};
		6D016CC71D56849C0030AF2A /* Release */ = {
			isa = XCBuildConfiguration;
			buildSettings = {
				ASSETCATALOG_COMPILER_APPICON_NAME = AppIcon;
				CODE_SIGN_IDENTITY = "iPhone Developer";
				"CODE_SIGN_IDENTITY[sdk=iphoneos*]" = "iPhone Developer";
				INFOPLIST_FILE = "Matching Game/Info.plist";
				IPHONEOS_DEPLOYMENT_TARGET = 9.3;
				LD_RUNPATH_SEARCH_PATHS = "$(inherited) @executable_path/Frameworks";
				PRODUCT_BUNDLE_IDENTIFIER = com.laskdaf.matching;
				PRODUCT_NAME = "$(TARGET_NAME)";
				PROVISIONING_PROFILE = "";
			};
			name = Release;
		};
		6D016CC91D56849C0030AF2A /* Debug */ = {
			isa = XCBuildConfiguration;
			buildSettings = {
				BUNDLE_LOADER = "$(TEST_HOST)";
				INFOPLIST_FILE = "Matching GameTests/Info.plist";
				LD_RUNPATH_SEARCH_PATHS = "$(inherited) @executable_path/Frameworks @loader_path/Frameworks";
				PRODUCT_BUNDLE_IDENTIFIER = "laskdaf.Matching-GameTests";
				PRODUCT_NAME = "$(TARGET_NAME)";
				TEST_HOST = "$(BUILT_PRODUCTS_DIR)/Matching Game.app/Matching Game";
			};
			name = Debug;
		};
		6D016CCA1D56849C0030AF2A /* Release */ = {
			isa = XCBuildConfiguration;
			buildSettings = {
				BUNDLE_LOADER = "$(TEST_HOST)";
				INFOPLIST_FILE = "Matching GameTests/Info.plist";
				LD_RUNPATH_SEARCH_PATHS = "$(inherited) @executable_path/Frameworks @loader_path/Frameworks";
				PRODUCT_BUNDLE_IDENTIFIER = "laskdaf.Matching-GameTests";
				PRODUCT_NAME = "$(TARGET_NAME)";
				TEST_HOST = "$(BUILT_PRODUCTS_DIR)/Matching Game.app/Matching Game";
			};
			name = Release;
		};
		6D016CCC1D56849C0030AF2A /* Debug */ = {
			isa = XCBuildConfiguration;
			buildSettings = {
				INFOPLIST_FILE = "Matching GameUITests/Info.plist";
				LD_RUNPATH_SEARCH_PATHS = "$(inherited) @executable_path/Frameworks @loader_path/Frameworks";
				PRODUCT_BUNDLE_IDENTIFIER = "laskdaf.Matching-GameUITests";
				PRODUCT_NAME = "$(TARGET_NAME)";
				TEST_TARGET_NAME = "Matching Game";
			};
			name = Debug;
		};
		6D016CCD1D56849C0030AF2A /* Release */ = {
			isa = XCBuildConfiguration;
			buildSettings = {
				INFOPLIST_FILE = "Matching GameUITests/Info.plist";
				LD_RUNPATH_SEARCH_PATHS = "$(inherited) @executable_path/Frameworks @loader_path/Frameworks";
				PRODUCT_BUNDLE_IDENTIFIER = "laskdaf.Matching-GameUITests";
				PRODUCT_NAME = "$(TARGET_NAME)";
				TEST_TARGET_NAME = "Matching Game";
			};
			name = Release;
		};
/* End XCBuildConfiguration section */

/* Begin XCConfigurationList section */
		6D016C981D56849C0030AF2A /* Build configuration list for PBXProject "Matching Game" */ = {
			isa = XCConfigurationList;
			buildConfigurations = (
				6D016CC31D56849C0030AF2A /* Debug */,
				6D016CC41D56849C0030AF2A /* Release */,
			);
			defaultConfigurationIsVisible = 0;
			defaultConfigurationName = Release;
		};
		6D016CC51D56849C0030AF2A /* Build configuration list for PBXNativeTarget "Matching Game" */ = {
			isa = XCConfigurationList;
			buildConfigurations = (
				6D016CC61D56849C0030AF2A /* Debug */,
				6D016CC71D56849C0030AF2A /* Release */,
			);
			defaultConfigurationIsVisible = 0;
			defaultConfigurationName = Release;
		};
		6D016CC81D56849C0030AF2A /* Build configuration list for PBXNativeTarget "Matching GameTests" */ = {
			isa = XCConfigurationList;
			buildConfigurations = (
				6D016CC91D56849C0030AF2A /* Debug */,
				6D016CCA1D56849C0030AF2A /* Release */,
			);
			defaultConfigurationIsVisible = 0;
			defaultConfigurationName = Release;
		};
		6D016CCB1D56849C0030AF2A /* Build configuration list for PBXNativeTarget "Matching GameUITests" */ = {
			isa = XCConfigurationList;
			buildConfigurations = (
				6D016CCC1D56849C0030AF2A /* Debug */,
				6D016CCD1D56849C0030AF2A /* Release */,
			);
			defaultConfigurationIsVisible = 0;
			defaultConfigurationName = Release;
		};
/* End XCConfigurationList section */
	};
	rootObject = 6D016C951D56849C0030AF2A /* Project object */;
}
